
Microsoft Visual Studio Solution File, Format Version 12.00
# Visual Studio Version 17
VisualStudioVersion = 17.14.36811.4 d17.14
MinimumVisualStudioVersion = 10.0.40219.1
Project("{FAE04EC0-301F-11D3-BF4B-00C04F79EFBC}") = "EventExample", "EventExample.csproj", "{4658727E-905F-4BB2-BB9F-5600D3E6C559}"
EndProject
Global
	GlobalSection(SolutionConfigurationPlatforms) = preSolution
		Debug|Any CPU = Debug|Any CPU
		Release|Any CPU = Release|Any CPU
	EndGlobalSection
	GlobalSection(ProjectConfigurationPlatforms) = postSolution
		{4658727E-905F-4BB2-BB9F-5600D3E6C559}.Debug|Any CPU.ActiveCfg = Debug|Any CPU
		{4658727E-905F-4BB2-BB9F-5600D3E6C559}.Debug|Any CPU.Build.0 = Debug|Any CPU
		{4658727E-905F-4BB2-BB9F-5600D3E6C559}.Release|Any CPU.ActiveCfg = Release|Any CPU
		{4658727E-905F-4BB2-BB9F-5600D3E6C559}.Release|Any CPU.Build.0 = Release|Any CPU
	EndGlobalSection
	GlobalSection(SolutionProperties) = preSolution
		HideSolutionNode = FALSE
	EndGlobalSection
	GlobalSection(ExtensibilityGlobals) = postSolution
		SolutionGuid = {3F82DC07-46E6-4D31-989A-16ACF528D03D}
	EndGlobalSection
EndGlobal
