
Microsoft Visual Studio Solution File, Format Version 12.00
# Visual Studio Version 17
VisualStudioVersion = 17.14.36811.4 d17.14
MinimumVisualStudioVersion = 10.0.40219.1
Project("{FAE04EC0-301F-11D3-BF4B-00C04F79EFBC}") = "ListElements", "ListElements.csproj", "{E6716A3C-2CDD-4CFB-B5A5-4CF272D54AC1}"
EndProject
Global
	GlobalSection(SolutionConfigurationPlatforms) = preSolution
		Debug|Any CPU = Debug|Any CPU
		Release|Any CPU = Release|Any CPU
	EndGlobalSection
	GlobalSection(ProjectConfigurationPlatforms) = postSolution
		{E6716A3C-2CDD-4CFB-B5A5-4CF272D54AC1}.Debug|Any CPU.ActiveCfg = Debug|Any CPU
		{E6716A3C-2CDD-4CFB-B5A5-4CF272D54AC1}.Debug|Any CPU.Build.0 = Debug|Any CPU
		{E6716A3C-2CDD-4CFB-B5A5-4CF272D54AC1}.Release|Any CPU.ActiveCfg = Release|Any CPU
		{E6716A3C-2CDD-4CFB-B5A5-4CF272D54AC1}.Release|Any CPU.Build.0 = Release|Any CPU
	EndGlobalSection
	GlobalSection(SolutionProperties) = preSolution
		HideSolutionNode = FALSE
	EndGlobalSection
	GlobalSection(ExtensibilityGlobals) = postSolution
		SolutionGuid = {DFF01BA2-5EB4-4A6A-8C45-7B239AF9CA95}
	EndGlobalSection
EndGlobal
