
Microsoft Visual Studio Solution File, Format Version 12.00
# Visual Studio Version 17
VisualStudioVersion = 17.14.36811.4 d17.14
MinimumVisualStudioVersion = 10.0.40219.1
Project("{FAE04EC0-301F-11D3-BF4B-00C04F79EFBC}") = "StudentIdentityAuth", "StudentIdentityAuth.csproj", "{881D2C86-5662-42F0-A855-8F7089FE804F}"
EndProject
Global
	GlobalSection(SolutionConfigurationPlatforms) = preSolution
		Debug|Any CPU = Debug|Any CPU
		Release|Any CPU = Release|Any CPU
	EndGlobalSection
	GlobalSection(ProjectConfigurationPlatforms) = postSolution
		{881D2C86-5662-42F0-A855-8F7089FE804F}.Debug|Any CPU.ActiveCfg = Debug|Any CPU
		{881D2C86-5662-42F0-A855-8F7089FE804F}.Debug|Any CPU.Build.0 = Debug|Any CPU
		{881D2C86-5662-42F0-A855-8F7089FE804F}.Release|Any CPU.ActiveCfg = Release|Any CPU
		{881D2C86-5662-42F0-A855-8F7089FE804F}.Release|Any CPU.Build.0 = Release|Any CPU
	EndGlobalSection
	GlobalSection(SolutionProperties) = preSolution
		HideSolutionNode = FALSE
	EndGlobalSection
	GlobalSection(ExtensibilityGlobals) = postSolution
		SolutionGuid = {0751497C-5523-493F-AEB7-3831B9F924C7}
	EndGlobalSection
EndGlobal
