
Microsoft Visual Studio Solution File, Format Version 12.00
# Visual Studio Version 17
VisualStudioVersion = 17.14.36811.4 d17.14
MinimumVisualStudioVersion = 10.0.40219.1
Project("{FAE04EC0-301F-11D3-BF4B-00C04F79EFBC}") = "BookPublisherCodeFIrst", "BookPublisherCodeFIrst.csproj", "{FA6D903D-10A4-4C82-AA21-2FE77114D2E3}"
EndProject
Global
	GlobalSection(SolutionConfigurationPlatforms) = preSolution
		Debug|Any CPU = Debug|Any CPU
		Release|Any CPU = Release|Any CPU
	EndGlobalSection
	GlobalSection(ProjectConfigurationPlatforms) = postSolution
		{FA6D903D-10A4-4C82-AA21-2FE77114D2E3}.Debug|Any CPU.ActiveCfg = Debug|Any CPU
		{FA6D903D-10A4-4C82-AA21-2FE77114D2E3}.Debug|Any CPU.Build.0 = Debug|Any CPU
		{FA6D903D-10A4-4C82-AA21-2FE77114D2E3}.Release|Any CPU.ActiveCfg = Release|Any CPU
		{FA6D903D-10A4-4C82-AA21-2FE77114D2E3}.Release|Any CPU.Build.0 = Release|Any CPU
	EndGlobalSection
	GlobalSection(SolutionProperties) = preSolution
		HideSolutionNode = FALSE
	EndGlobalSection
	GlobalSection(ExtensibilityGlobals) = postSolution
		SolutionGuid = {E3D7B6E0-619B-442E-B74A-9B6F9DADB899}
	EndGlobalSection
EndGlobal
