
Microsoft Visual Studio Solution File, Format Version 12.00
# Visual Studio Version 17
VisualStudioVersion = 17.14.36811.4 d17.14
MinimumVisualStudioVersion = 10.0.40219.1
Project("{FAE04EC0-301F-11D3-BF4B-00C04F79EFBC}") = "SumofcubesofPrime", "SumofcubesofPrime.csproj", "{BCE2B651-EFAA-41AA-99EF-69214085A8A3}"
EndProject
Global
	GlobalSection(SolutionConfigurationPlatforms) = preSolution
		Debug|Any CPU = Debug|Any CPU
		Release|Any CPU = Release|Any CPU
	EndGlobalSection
	GlobalSection(ProjectConfigurationPlatforms) = postSolution
		{BCE2B651-EFAA-41AA-99EF-69214085A8A3}.Debug|Any CPU.ActiveCfg = Debug|Any CPU
		{BCE2B651-EFAA-41AA-99EF-69214085A8A3}.Debug|Any CPU.Build.0 = Debug|Any CPU
		{BCE2B651-EFAA-41AA-99EF-69214085A8A3}.Release|Any CPU.ActiveCfg = Release|Any CPU
		{BCE2B651-EFAA-41AA-99EF-69214085A8A3}.Release|Any CPU.Build.0 = Release|Any CPU
	EndGlobalSection
	GlobalSection(SolutionProperties) = preSolution
		HideSolutionNode = FALSE
	EndGlobalSection
	GlobalSection(ExtensibilityGlobals) = postSolution
		SolutionGuid = {4AE550FF-9ECA-4858-AC01-EF8B9F6CF4FE}
	EndGlobalSection
EndGlobal
