
Microsoft Visual Studio Solution File, Format Version 12.00
# Visual Studio Version 17
VisualStudioVersion = 17.14.36811.4 d17.14
MinimumVisualStudioVersion = 10.0.40219.1
Project("{FAE04EC0-301F-11D3-BF4B-00C04F79EFBC}") = "SumPrimeNumArray", "SumPrimeNumArray.csproj", "{1AC254BC-566C-4B97-83E0-B7AE9AED298B}"
EndProject
Global
	GlobalSection(SolutionConfigurationPlatforms) = preSolution
		Debug|Any CPU = Debug|Any CPU
		Release|Any CPU = Release|Any CPU
	EndGlobalSection
	GlobalSection(ProjectConfigurationPlatforms) = postSolution
		{1AC254BC-566C-4B97-83E0-B7AE9AED298B}.Debug|Any CPU.ActiveCfg = Debug|Any CPU
		{1AC254BC-566C-4B97-83E0-B7AE9AED298B}.Debug|Any CPU.Build.0 = Debug|Any CPU
		{1AC254BC-566C-4B97-83E0-B7AE9AED298B}.Release|Any CPU.ActiveCfg = Release|Any CPU
		{1AC254BC-566C-4B97-83E0-B7AE9AED298B}.Release|Any CPU.Build.0 = Release|Any CPU
	EndGlobalSection
	GlobalSection(SolutionProperties) = preSolution
		HideSolutionNode = FALSE
	EndGlobalSection
	GlobalSection(ExtensibilityGlobals) = postSolution
		SolutionGuid = {855B9408-53E7-475E-8524-728B51AAC458}
	EndGlobalSection
EndGlobal
