
Microsoft Visual Studio Solution File, Format Version 12.00
# Visual Studio Version 17
VisualStudioVersion = 17.14.36811.4 d17.14
MinimumVisualStudioVersion = 10.0.40219.1
Project("{FAE04EC0-301F-11D3-BF4B-00C04F79EFBC}") = "DigitSumInStringArray", "DigitSumInStringArray.csproj", "{E6960E1E-7093-4F01-93FF-4DED8736C21B}"
EndProject
Global
	GlobalSection(SolutionConfigurationPlatforms) = preSolution
		Debug|Any CPU = Debug|Any CPU
		Release|Any CPU = Release|Any CPU
	EndGlobalSection
	GlobalSection(ProjectConfigurationPlatforms) = postSolution
		{E6960E1E-7093-4F01-93FF-4DED8736C21B}.Debug|Any CPU.ActiveCfg = Debug|Any CPU
		{E6960E1E-7093-4F01-93FF-4DED8736C21B}.Debug|Any CPU.Build.0 = Debug|Any CPU
		{E6960E1E-7093-4F01-93FF-4DED8736C21B}.Release|Any CPU.ActiveCfg = Release|Any CPU
		{E6960E1E-7093-4F01-93FF-4DED8736C21B}.Release|Any CPU.Build.0 = Release|Any CPU
	EndGlobalSection
	GlobalSection(SolutionProperties) = preSolution
		HideSolutionNode = FALSE
	EndGlobalSection
	GlobalSection(ExtensibilityGlobals) = postSolution
		SolutionGuid = {012E1EA7-303B-400C-AECD-2F948F2C3D4B}
	EndGlobalSection
EndGlobal
