
Microsoft Visual Studio Solution File, Format Version 12.00
# Visual Studio Version 17
VisualStudioVersion = 17.14.36811.4 d17.14
MinimumVisualStudioVersion = 10.0.40219.1
Project("{FAE04EC0-301F-11D3-BF4B-00C04F79EFBC}") = "EmailValidation", "EmailValidation.csproj", "{AAC85589-336C-498C-ADB5-4D341B088315}"
EndProject
Global
	GlobalSection(SolutionConfigurationPlatforms) = preSolution
		Debug|Any CPU = Debug|Any CPU
		Release|Any CPU = Release|Any CPU
	EndGlobalSection
	GlobalSection(ProjectConfigurationPlatforms) = postSolution
		{AAC85589-336C-498C-ADB5-4D341B088315}.Debug|Any CPU.ActiveCfg = Debug|Any CPU
		{AAC85589-336C-498C-ADB5-4D341B088315}.Debug|Any CPU.Build.0 = Debug|Any CPU
		{AAC85589-336C-498C-ADB5-4D341B088315}.Release|Any CPU.ActiveCfg = Release|Any CPU
		{AAC85589-336C-498C-ADB5-4D341B088315}.Release|Any CPU.Build.0 = Release|Any CPU
	EndGlobalSection
	GlobalSection(SolutionProperties) = preSolution
		HideSolutionNode = FALSE
	EndGlobalSection
	GlobalSection(ExtensibilityGlobals) = postSolution
		SolutionGuid = {AC987C48-9210-4978-AC74-15CFAC609242}
	EndGlobalSection
EndGlobal
