
Microsoft Visual Studio Solution File, Format Version 12.00
# Visual Studio Version 17
VisualStudioVersion = 17.14.36811.4 d17.14
MinimumVisualStudioVersion = 10.0.40219.1
Project("{FAE04EC0-301F-11D3-BF4B-00C04F79EFBC}") = "Interface", "Interface.csproj", "{5BA4CB14-D0C6-404F-9672-CA0F0B2DA53D}"
EndProject
Global
	GlobalSection(SolutionConfigurationPlatforms) = preSolution
		Debug|Any CPU = Debug|Any CPU
		Release|Any CPU = Release|Any CPU
	EndGlobalSection
	GlobalSection(ProjectConfigurationPlatforms) = postSolution
		{5BA4CB14-D0C6-404F-9672-CA0F0B2DA53D}.Debug|Any CPU.ActiveCfg = Debug|Any CPU
		{5BA4CB14-D0C6-404F-9672-CA0F0B2DA53D}.Debug|Any CPU.Build.0 = Debug|Any CPU
		{5BA4CB14-D0C6-404F-9672-CA0F0B2DA53D}.Release|Any CPU.ActiveCfg = Release|Any CPU
		{5BA4CB14-D0C6-404F-9672-CA0F0B2DA53D}.Release|Any CPU.Build.0 = Release|Any CPU
	EndGlobalSection
	GlobalSection(SolutionProperties) = preSolution
		HideSolutionNode = FALSE
	EndGlobalSection
	GlobalSection(ExtensibilityGlobals) = postSolution
		SolutionGuid = {AAAC795F-061D-421C-ADBB-F20FA8B32FEF}
	EndGlobalSection
EndGlobal
