
Microsoft Visual Studio Solution File, Format Version 12.00
# Visual Studio Version 17
VisualStudioVersion = 17.14.36811.4 d17.14
MinimumVisualStudioVersion = 10.0.40219.1
Project("{FAE04EC0-301F-11D3-BF4B-00C04F79EFBC}") = "SecondMaxElement", "SecondMaxElement.csproj", "{D8960D13-74FC-4388-8851-00C4B668D78D}"
EndProject
Global
	GlobalSection(SolutionConfigurationPlatforms) = preSolution
		Debug|Any CPU = Debug|Any CPU
		Release|Any CPU = Release|Any CPU
	EndGlobalSection
	GlobalSection(ProjectConfigurationPlatforms) = postSolution
		{D8960D13-74FC-4388-8851-00C4B668D78D}.Debug|Any CPU.ActiveCfg = Debug|Any CPU
		{D8960D13-74FC-4388-8851-00C4B668D78D}.Debug|Any CPU.Build.0 = Debug|Any CPU
		{D8960D13-74FC-4388-8851-00C4B668D78D}.Release|Any CPU.ActiveCfg = Release|Any CPU
		{D8960D13-74FC-4388-8851-00C4B668D78D}.Release|Any CPU.Build.0 = Release|Any CPU
	EndGlobalSection
	GlobalSection(SolutionProperties) = preSolution
		HideSolutionNode = FALSE
	EndGlobalSection
	GlobalSection(ExtensibilityGlobals) = postSolution
		SolutionGuid = {8C0A05D1-1862-43F9-8FB0-643FEAF1F00B}
	EndGlobalSection
EndGlobal
