
Microsoft Visual Studio Solution File, Format Version 12.00
# Visual Studio Version 17
VisualStudioVersion = 17.14.36811.4 d17.14
MinimumVisualStudioVersion = 10.0.40219.1
Project("{FAE04EC0-301F-11D3-BF4B-00C04F79EFBC}") = "CountMultiplesof3", "CountMultiplesof3.csproj", "{42406FCB-0FBC-46D3-9FE9-826F39C6FCAD}"
EndProject
Global
	GlobalSection(SolutionConfigurationPlatforms) = preSolution
		Debug|Any CPU = Debug|Any CPU
		Release|Any CPU = Release|Any CPU
	EndGlobalSection
	GlobalSection(ProjectConfigurationPlatforms) = postSolution
		{42406FCB-0FBC-46D3-9FE9-826F39C6FCAD}.Debug|Any CPU.ActiveCfg = Debug|Any CPU
		{42406FCB-0FBC-46D3-9FE9-826F39C6FCAD}.Debug|Any CPU.Build.0 = Debug|Any CPU
		{42406FCB-0FBC-46D3-9FE9-826F39C6FCAD}.Release|Any CPU.ActiveCfg = Release|Any CPU
		{42406FCB-0FBC-46D3-9FE9-826F39C6FCAD}.Release|Any CPU.Build.0 = Release|Any CPU
	EndGlobalSection
	GlobalSection(SolutionProperties) = preSolution
		HideSolutionNode = FALSE
	EndGlobalSection
	GlobalSection(ExtensibilityGlobals) = postSolution
		SolutionGuid = {BB598783-8753-4026-9459-EC5267433E91}
	EndGlobalSection
EndGlobal
