
Microsoft Visual Studio Solution File, Format Version 12.00
# Visual Studio Version 17
VisualStudioVersion = 17.14.36811.4 d17.14
MinimumVisualStudioVersion = 10.0.40219.1
Project("{FAE04EC0-301F-11D3-BF4B-00C04F79EFBC}") = "UniqueWords", "UniqueWords.csproj", "{E059837A-BECA-4A98-BE0C-22FE0B53A7CF}"
EndProject
Global
	GlobalSection(SolutionConfigurationPlatforms) = preSolution
		Debug|Any CPU = Debug|Any CPU
		Release|Any CPU = Release|Any CPU
	EndGlobalSection
	GlobalSection(ProjectConfigurationPlatforms) = postSolution
		{E059837A-BECA-4A98-BE0C-22FE0B53A7CF}.Debug|Any CPU.ActiveCfg = Debug|Any CPU
		{E059837A-BECA-4A98-BE0C-22FE0B53A7CF}.Debug|Any CPU.Build.0 = Debug|Any CPU
		{E059837A-BECA-4A98-BE0C-22FE0B53A7CF}.Release|Any CPU.ActiveCfg = Release|Any CPU
		{E059837A-BECA-4A98-BE0C-22FE0B53A7CF}.Release|Any CPU.Build.0 = Release|Any CPU
	EndGlobalSection
	GlobalSection(SolutionProperties) = preSolution
		HideSolutionNode = FALSE
	EndGlobalSection
	GlobalSection(ExtensibilityGlobals) = postSolution
		SolutionGuid = {ED5D4676-3271-4261-9BB3-002429C84D04}
	EndGlobalSection
EndGlobal
