
Microsoft Visual Studio Solution File, Format Version 12.00
# Visual Studio Version 17
VisualStudioVersion = 17.14.36811.4 d17.14
MinimumVisualStudioVersion = 10.0.40219.1
Project("{FAE04EC0-301F-11D3-BF4B-00C04F79EFBC}") = "LuckyString", "LuckyString.csproj", "{42B82D97-3799-41D8-889F-91E0DA177D93}"
EndProject
Global
	GlobalSection(SolutionConfigurationPlatforms) = preSolution
		Debug|Any CPU = Debug|Any CPU
		Release|Any CPU = Release|Any CPU
	EndGlobalSection
	GlobalSection(ProjectConfigurationPlatforms) = postSolution
		{42B82D97-3799-41D8-889F-91E0DA177D93}.Debug|Any CPU.ActiveCfg = Debug|Any CPU
		{42B82D97-3799-41D8-889F-91E0DA177D93}.Debug|Any CPU.Build.0 = Debug|Any CPU
		{42B82D97-3799-41D8-889F-91E0DA177D93}.Release|Any CPU.ActiveCfg = Release|Any CPU
		{42B82D97-3799-41D8-889F-91E0DA177D93}.Release|Any CPU.Build.0 = Release|Any CPU
	EndGlobalSection
	GlobalSection(SolutionProperties) = preSolution
		HideSolutionNode = FALSE
	EndGlobalSection
	GlobalSection(ExtensibilityGlobals) = postSolution
		SolutionGuid = {B6371BB7-FA44-44EB-8C54-9B00A501D0D3}
	EndGlobalSection
EndGlobal
