
Microsoft Visual Studio Solution File, Format Version 12.00
# Visual Studio Version 17
VisualStudioVersion = 17.14.36811.4 d17.14
MinimumVisualStudioVersion = 10.0.40219.1
Project("{FAE04EC0-301F-11D3-BF4B-00C04F79EFBC}") = "NearestSquarenumber", "NearestSquarenumber.csproj", "{38E49036-38D3-4125-B59E-2B6AAD6E26BE}"
EndProject
Global
	GlobalSection(SolutionConfigurationPlatforms) = preSolution
		Debug|Any CPU = Debug|Any CPU
		Release|Any CPU = Release|Any CPU
	EndGlobalSection
	GlobalSection(ProjectConfigurationPlatforms) = postSolution
		{38E49036-38D3-4125-B59E-2B6AAD6E26BE}.Debug|Any CPU.ActiveCfg = Debug|Any CPU
		{38E49036-38D3-4125-B59E-2B6AAD6E26BE}.Debug|Any CPU.Build.0 = Debug|Any CPU
		{38E49036-38D3-4125-B59E-2B6AAD6E26BE}.Release|Any CPU.ActiveCfg = Release|Any CPU
		{38E49036-38D3-4125-B59E-2B6AAD6E26BE}.Release|Any CPU.Build.0 = Release|Any CPU
	EndGlobalSection
	GlobalSection(SolutionProperties) = preSolution
		HideSolutionNode = FALSE
	EndGlobalSection
	GlobalSection(ExtensibilityGlobals) = postSolution
		SolutionGuid = {30171266-D28D-4706-829D-979019F1AEE1}
	EndGlobalSection
EndGlobal
