
Microsoft Visual Studio Solution File, Format Version 12.00
# Visual Studio Version 17
VisualStudioVersion = 17.14.36811.4 d17.14
MinimumVisualStudioVersion = 10.0.40219.1
Project("{FAE04EC0-301F-11D3-BF4B-00C04F79EFBC}") = "Student_Registration", "Student_Registration.csproj", "{B02DCA48-375F-4C30-A734-48E8F294E18E}"
EndProject
Global
	GlobalSection(SolutionConfigurationPlatforms) = preSolution
		Debug|Any CPU = Debug|Any CPU
		Release|Any CPU = Release|Any CPU
	EndGlobalSection
	GlobalSection(ProjectConfigurationPlatforms) = postSolution
		{B02DCA48-375F-4C30-A734-48E8F294E18E}.Debug|Any CPU.ActiveCfg = Debug|Any CPU
		{B02DCA48-375F-4C30-A734-48E8F294E18E}.Debug|Any CPU.Build.0 = Debug|Any CPU
		{B02DCA48-375F-4C30-A734-48E8F294E18E}.Release|Any CPU.ActiveCfg = Release|Any CPU
		{B02DCA48-375F-4C30-A734-48E8F294E18E}.Release|Any CPU.Build.0 = Release|Any CPU
	EndGlobalSection
	GlobalSection(SolutionProperties) = preSolution
		HideSolutionNode = FALSE
	EndGlobalSection
	GlobalSection(ExtensibilityGlobals) = postSolution
		SolutionGuid = {A6B901EC-0CAE-428A-A1E3-93E709C0E4AF}
	EndGlobalSection
EndGlobal
