
Microsoft Visual Studio Solution File, Format Version 12.00
# Visual Studio Version 17
VisualStudioVersion = 17.14.36811.4 d17.14
MinimumVisualStudioVersion = 10.0.40219.1
Project("{FAE04EC0-301F-11D3-BF4B-00C04F79EFBC}") = "EmployeeProject", "EmployeeProject.csproj", "{D0691114-3228-4F79-A30C-52CCDE2DA374}"
EndProject
Global
	GlobalSection(SolutionConfigurationPlatforms) = preSolution
		Debug|Any CPU = Debug|Any CPU
		Release|Any CPU = Release|Any CPU
	EndGlobalSection
	GlobalSection(ProjectConfigurationPlatforms) = postSolution
		{D0691114-3228-4F79-A30C-52CCDE2DA374}.Debug|Any CPU.ActiveCfg = Debug|Any CPU
		{D0691114-3228-4F79-A30C-52CCDE2DA374}.Debug|Any CPU.Build.0 = Debug|Any CPU
		{D0691114-3228-4F79-A30C-52CCDE2DA374}.Release|Any CPU.ActiveCfg = Release|Any CPU
		{D0691114-3228-4F79-A30C-52CCDE2DA374}.Release|Any CPU.Build.0 = Release|Any CPU
	EndGlobalSection
	GlobalSection(SolutionProperties) = preSolution
		HideSolutionNode = FALSE
	EndGlobalSection
	GlobalSection(ExtensibilityGlobals) = postSolution
		SolutionGuid = {34647408-CE63-4FD7-914D-3CE838BEDBF1}
	EndGlobalSection
EndGlobal
