
Microsoft Visual Studio Solution File, Format Version 12.00
# Visual Studio Version 17
VisualStudioVersion = 17.14.36811.4 d17.14
MinimumVisualStudioVersion = 10.0.40219.1
Project("{FAE04EC0-301F-11D3-BF4B-00C04F79EFBC}") = "CleanseandInvert", "CleanseandInvert.csproj", "{6F3045B3-69E4-4A83-84CD-81B89B507BEE}"
EndProject
Global
	GlobalSection(SolutionConfigurationPlatforms) = preSolution
		Debug|Any CPU = Debug|Any CPU
		Release|Any CPU = Release|Any CPU
	EndGlobalSection
	GlobalSection(ProjectConfigurationPlatforms) = postSolution
		{6F3045B3-69E4-4A83-84CD-81B89B507BEE}.Debug|Any CPU.ActiveCfg = Debug|Any CPU
		{6F3045B3-69E4-4A83-84CD-81B89B507BEE}.Debug|Any CPU.Build.0 = Debug|Any CPU
		{6F3045B3-69E4-4A83-84CD-81B89B507BEE}.Release|Any CPU.ActiveCfg = Release|Any CPU
		{6F3045B3-69E4-4A83-84CD-81B89B507BEE}.Release|Any CPU.Build.0 = Release|Any CPU
	EndGlobalSection
	GlobalSection(SolutionProperties) = preSolution
		HideSolutionNode = FALSE
	EndGlobalSection
	GlobalSection(ExtensibilityGlobals) = postSolution
		SolutionGuid = {1D1F6DE9-DCF8-42D6-9B8D-4F820C4D8DDA}
	EndGlobalSection
EndGlobal
