
Microsoft Visual Studio Solution File, Format Version 12.00
# Visual Studio Version 17
VisualStudioVersion = 17.14.36811.4 d17.14
MinimumVisualStudioVersion = 10.0.40219.1
Project("{FAE04EC0-301F-11D3-BF4B-00C04F79EFBC}") = "ECommerceUserApi", "ECommerceUserApi.csproj", "{DF8290D9-572D-4146-B8C3-D245BEEC05FE}"
EndProject
Global
	GlobalSection(SolutionConfigurationPlatforms) = preSolution
		Debug|Any CPU = Debug|Any CPU
		Release|Any CPU = Release|Any CPU
	EndGlobalSection
	GlobalSection(ProjectConfigurationPlatforms) = postSolution
		{DF8290D9-572D-4146-B8C3-D245BEEC05FE}.Debug|Any CPU.ActiveCfg = Debug|Any CPU
		{DF8290D9-572D-4146-B8C3-D245BEEC05FE}.Debug|Any CPU.Build.0 = Debug|Any CPU
		{DF8290D9-572D-4146-B8C3-D245BEEC05FE}.Release|Any CPU.ActiveCfg = Release|Any CPU
		{DF8290D9-572D-4146-B8C3-D245BEEC05FE}.Release|Any CPU.Build.0 = Release|Any CPU
	EndGlobalSection
	GlobalSection(SolutionProperties) = preSolution
		HideSolutionNode = FALSE
	EndGlobalSection
	GlobalSection(ExtensibilityGlobals) = postSolution
		SolutionGuid = {984F16F7-C62B-4EC2-899C-2B9C14AF4D87}
	EndGlobalSection
EndGlobal
