
Microsoft Visual Studio Solution File, Format Version 12.00
# Visual Studio Version 17
VisualStudioVersion = 17.14.36811.4 d17.14
MinimumVisualStudioVersion = 10.0.40219.1
Project("{FAE04EC0-301F-11D3-BF4B-00C04F79EFBC}") = "SortArray_Multiply", "SortArray_Multiply.csproj", "{5D61D9F4-2AFF-4145-8A54-E52BB4B6032D}"
EndProject
Global
	GlobalSection(SolutionConfigurationPlatforms) = preSolution
		Debug|Any CPU = Debug|Any CPU
		Release|Any CPU = Release|Any CPU
	EndGlobalSection
	GlobalSection(ProjectConfigurationPlatforms) = postSolution
		{5D61D9F4-2AFF-4145-8A54-E52BB4B6032D}.Debug|Any CPU.ActiveCfg = Debug|Any CPU
		{5D61D9F4-2AFF-4145-8A54-E52BB4B6032D}.Debug|Any CPU.Build.0 = Debug|Any CPU
		{5D61D9F4-2AFF-4145-8A54-E52BB4B6032D}.Release|Any CPU.ActiveCfg = Release|Any CPU
		{5D61D9F4-2AFF-4145-8A54-E52BB4B6032D}.Release|Any CPU.Build.0 = Release|Any CPU
	EndGlobalSection
	GlobalSection(SolutionProperties) = preSolution
		HideSolutionNode = FALSE
	EndGlobalSection
	GlobalSection(ExtensibilityGlobals) = postSolution
		SolutionGuid = {F6BCE131-AFA8-442C-81A2-CAFC87F49E6A}
	EndGlobalSection
EndGlobal
