
Microsoft Visual Studio Solution File, Format Version 12.00
# Visual Studio Version 17
VisualStudioVersion = 17.14.36811.4 d17.14
MinimumVisualStudioVersion = 10.0.40219.1
Project("{FAE04EC0-301F-11D3-BF4B-00C04F79EFBC}") = "TotalMarks", "TotalMarks.csproj", "{859F871C-7247-4148-BC76-F1E117524A7E}"
EndProject
Global
	GlobalSection(SolutionConfigurationPlatforms) = preSolution
		Debug|Any CPU = Debug|Any CPU
		Release|Any CPU = Release|Any CPU
	EndGlobalSection
	GlobalSection(ProjectConfigurationPlatforms) = postSolution
		{859F871C-7247-4148-BC76-F1E117524A7E}.Debug|Any CPU.ActiveCfg = Debug|Any CPU
		{859F871C-7247-4148-BC76-F1E117524A7E}.Debug|Any CPU.Build.0 = Debug|Any CPU
		{859F871C-7247-4148-BC76-F1E117524A7E}.Release|Any CPU.ActiveCfg = Release|Any CPU
		{859F871C-7247-4148-BC76-F1E117524A7E}.Release|Any CPU.Build.0 = Release|Any CPU
	EndGlobalSection
	GlobalSection(SolutionProperties) = preSolution
		HideSolutionNode = FALSE
	EndGlobalSection
	GlobalSection(ExtensibilityGlobals) = postSolution
		SolutionGuid = {47841EE0-C5F8-4143-92ED-4FF72B4CDFC3}
	EndGlobalSection
EndGlobal
