
Microsoft Visual Studio Solution File, Format Version 12.00
# Visual Studio Version 17
VisualStudioVersion = 17.14.36811.4 d17.14
MinimumVisualStudioVersion = 10.0.40219.1
Project("{FAE04EC0-301F-11D3-BF4B-00C04F79EFBC}") = "CollegeManagementSystem", "CollegeManagementSystem.csproj", "{4075D9BB-5DCC-44D6-BD44-B0F72BC394A9}"
EndProject
Global
	GlobalSection(SolutionConfigurationPlatforms) = preSolution
		Debug|Any CPU = Debug|Any CPU
		Release|Any CPU = Release|Any CPU
	EndGlobalSection
	GlobalSection(ProjectConfigurationPlatforms) = postSolution
		{4075D9BB-5DCC-44D6-BD44-B0F72BC394A9}.Debug|Any CPU.ActiveCfg = Debug|Any CPU
		{4075D9BB-5DCC-44D6-BD44-B0F72BC394A9}.Debug|Any CPU.Build.0 = Debug|Any CPU
		{4075D9BB-5DCC-44D6-BD44-B0F72BC394A9}.Release|Any CPU.ActiveCfg = Release|Any CPU
		{4075D9BB-5DCC-44D6-BD44-B0F72BC394A9}.Release|Any CPU.Build.0 = Release|Any CPU
	EndGlobalSection
	GlobalSection(SolutionProperties) = preSolution
		HideSolutionNode = FALSE
	EndGlobalSection
	GlobalSection(ExtensibilityGlobals) = postSolution
		SolutionGuid = {4252AD6E-9348-40A5-B696-5C909591EC81}
	EndGlobalSection
EndGlobal
