
Microsoft Visual Studio Solution File, Format Version 12.00
# Visual Studio Version 17
VisualStudioVersion = 17.14.36811.4 d17.14
MinimumVisualStudioVersion = 10.0.40219.1
Project("{FAE04EC0-301F-11D3-BF4B-00C04F79EFBC}") = "RemoveRepeatedElementsArray", "RemoveRepeatedElementsArray.csproj", "{4981C601-542C-407F-8861-5A8830E0644B}"
EndProject
Global
	GlobalSection(SolutionConfigurationPlatforms) = preSolution
		Debug|Any CPU = Debug|Any CPU
		Release|Any CPU = Release|Any CPU
	EndGlobalSection
	GlobalSection(ProjectConfigurationPlatforms) = postSolution
		{4981C601-542C-407F-8861-5A8830E0644B}.Debug|Any CPU.ActiveCfg = Debug|Any CPU
		{4981C601-542C-407F-8861-5A8830E0644B}.Debug|Any CPU.Build.0 = Debug|Any CPU
		{4981C601-542C-407F-8861-5A8830E0644B}.Release|Any CPU.ActiveCfg = Release|Any CPU
		{4981C601-542C-407F-8861-5A8830E0644B}.Release|Any CPU.Build.0 = Release|Any CPU
	EndGlobalSection
	GlobalSection(SolutionProperties) = preSolution
		HideSolutionNode = FALSE
	EndGlobalSection
	GlobalSection(ExtensibilityGlobals) = postSolution
		SolutionGuid = {208E91E6-DBD6-4AC4-8B6F-F7843EDFB82D}
	EndGlobalSection
EndGlobal
