
Microsoft Visual Studio Solution File, Format Version 12.00
# Visual Studio Version 17
VisualStudioVersion = 17.14.36811.4 d17.14
MinimumVisualStudioVersion = 10.0.40219.1
Project("{FAE04EC0-301F-11D3-BF4B-00C04F79EFBC}") = "AuthenticationState", "AuthenticationState.csproj", "{D30EBD4E-9B3B-4FE0-87E8-2FEC9C2C9D2D}"
EndProject
Global
	GlobalSection(SolutionConfigurationPlatforms) = preSolution
		Debug|Any CPU = Debug|Any CPU
		Release|Any CPU = Release|Any CPU
	EndGlobalSection
	GlobalSection(ProjectConfigurationPlatforms) = postSolution
		{D30EBD4E-9B3B-4FE0-87E8-2FEC9C2C9D2D}.Debug|Any CPU.ActiveCfg = Debug|Any CPU
		{D30EBD4E-9B3B-4FE0-87E8-2FEC9C2C9D2D}.Debug|Any CPU.Build.0 = Debug|Any CPU
		{D30EBD4E-9B3B-4FE0-87E8-2FEC9C2C9D2D}.Release|Any CPU.ActiveCfg = Release|Any CPU
		{D30EBD4E-9B3B-4FE0-87E8-2FEC9C2C9D2D}.Release|Any CPU.Build.0 = Release|Any CPU
	EndGlobalSection
	GlobalSection(SolutionProperties) = preSolution
		HideSolutionNode = FALSE
	EndGlobalSection
	GlobalSection(ExtensibilityGlobals) = postSolution
		SolutionGuid = {1CB2C5BF-3B50-4E99-99C6-254176A57EA1}
	EndGlobalSection
EndGlobal
