
Microsoft Visual Studio Solution File, Format Version 12.00
# Visual Studio Version 17
VisualStudioVersion = 17.14.36811.4 d17.14
MinimumVisualStudioVersion = 10.0.40219.1
Project("{FAE04EC0-301F-11D3-BF4B-00C04F79EFBC}") = "LocationCodeUpdate", "LocationCodeUpdate.csproj", "{FF4C5A5B-B32D-4FF6-8F06-B3319655D753}"
EndProject
Global
	GlobalSection(SolutionConfigurationPlatforms) = preSolution
		Debug|Any CPU = Debug|Any CPU
		Release|Any CPU = Release|Any CPU
	EndGlobalSection
	GlobalSection(ProjectConfigurationPlatforms) = postSolution
		{FF4C5A5B-B32D-4FF6-8F06-B3319655D753}.Debug|Any CPU.ActiveCfg = Debug|Any CPU
		{FF4C5A5B-B32D-4FF6-8F06-B3319655D753}.Debug|Any CPU.Build.0 = Debug|Any CPU
		{FF4C5A5B-B32D-4FF6-8F06-B3319655D753}.Release|Any CPU.ActiveCfg = Release|Any CPU
		{FF4C5A5B-B32D-4FF6-8F06-B3319655D753}.Release|Any CPU.Build.0 = Release|Any CPU
	EndGlobalSection
	GlobalSection(SolutionProperties) = preSolution
		HideSolutionNode = FALSE
	EndGlobalSection
	GlobalSection(ExtensibilityGlobals) = postSolution
		SolutionGuid = {1FE87B8B-3458-42A9-9AD3-2BF69F06318A}
	EndGlobalSection
EndGlobal
