
Microsoft Visual Studio Solution File, Format Version 12.00
# Visual Studio Version 17
VisualStudioVersion = 17.14.36811.4 d17.14
MinimumVisualStudioVersion = 10.0.40219.1
Project("{FAE04EC0-301F-11D3-BF4B-00C04F79EFBC}") = "ECommerceLogging", "ECommerceLogging.csproj", "{FE402E17-8DBF-489E-ABB7-1B495404A939}"
EndProject
Global
	GlobalSection(SolutionConfigurationPlatforms) = preSolution
		Debug|Any CPU = Debug|Any CPU
		Release|Any CPU = Release|Any CPU
	EndGlobalSection
	GlobalSection(ProjectConfigurationPlatforms) = postSolution
		{FE402E17-8DBF-489E-ABB7-1B495404A939}.Debug|Any CPU.ActiveCfg = Debug|Any CPU
		{FE402E17-8DBF-489E-ABB7-1B495404A939}.Debug|Any CPU.Build.0 = Debug|Any CPU
		{FE402E17-8DBF-489E-ABB7-1B495404A939}.Release|Any CPU.ActiveCfg = Release|Any CPU
		{FE402E17-8DBF-489E-ABB7-1B495404A939}.Release|Any CPU.Build.0 = Release|Any CPU
	EndGlobalSection
	GlobalSection(SolutionProperties) = preSolution
		HideSolutionNode = FALSE
	EndGlobalSection
	GlobalSection(ExtensibilityGlobals) = postSolution
		SolutionGuid = {8FAE00D2-E785-45EF-9406-9C21FF1EF9E5}
	EndGlobalSection
EndGlobal
