
Microsoft Visual Studio Solution File, Format Version 12.00
# Visual Studio Version 17
VisualStudioVersion = 17.14.36811.4 d17.14
MinimumVisualStudioVersion = 10.0.40219.1
Project("{FAE04EC0-301F-11D3-BF4B-00C04F79EFBC}") = "SumofFactors", "SumofFactors.csproj", "{373437BF-BA58-411A-8A9E-5C8E4FE4AC98}"
EndProject
Global
	GlobalSection(SolutionConfigurationPlatforms) = preSolution
		Debug|Any CPU = Debug|Any CPU
		Release|Any CPU = Release|Any CPU
	EndGlobalSection
	GlobalSection(ProjectConfigurationPlatforms) = postSolution
		{373437BF-BA58-411A-8A9E-5C8E4FE4AC98}.Debug|Any CPU.ActiveCfg = Debug|Any CPU
		{373437BF-BA58-411A-8A9E-5C8E4FE4AC98}.Debug|Any CPU.Build.0 = Debug|Any CPU
		{373437BF-BA58-411A-8A9E-5C8E4FE4AC98}.Release|Any CPU.ActiveCfg = Release|Any CPU
		{373437BF-BA58-411A-8A9E-5C8E4FE4AC98}.Release|Any CPU.Build.0 = Release|Any CPU
	EndGlobalSection
	GlobalSection(SolutionProperties) = preSolution
		HideSolutionNode = FALSE
	EndGlobalSection
	GlobalSection(ExtensibilityGlobals) = postSolution
		SolutionGuid = {0EACB176-C629-4B35-8A41-306A0D6B97D2}
	EndGlobalSection
EndGlobal
