
Microsoft Visual Studio Solution File, Format Version 12.00
# Visual Studio Version 17
VisualStudioVersion = 17.14.36811.4 d17.14
MinimumVisualStudioVersion = 10.0.40219.1
Project("{FAE04EC0-301F-11D3-BF4B-00C04F79EFBC}") = "PerfectNumber", "PerfectNumber.csproj", "{942E9921-B6CE-4BBA-81A6-049741F89ACE}"
EndProject
Global
	GlobalSection(SolutionConfigurationPlatforms) = preSolution
		Debug|Any CPU = Debug|Any CPU
		Release|Any CPU = Release|Any CPU
	EndGlobalSection
	GlobalSection(ProjectConfigurationPlatforms) = postSolution
		{942E9921-B6CE-4BBA-81A6-049741F89ACE}.Debug|Any CPU.ActiveCfg = Debug|Any CPU
		{942E9921-B6CE-4BBA-81A6-049741F89ACE}.Debug|Any CPU.Build.0 = Debug|Any CPU
		{942E9921-B6CE-4BBA-81A6-049741F89ACE}.Release|Any CPU.ActiveCfg = Release|Any CPU
		{942E9921-B6CE-4BBA-81A6-049741F89ACE}.Release|Any CPU.Build.0 = Release|Any CPU
	EndGlobalSection
	GlobalSection(SolutionProperties) = preSolution
		HideSolutionNode = FALSE
	EndGlobalSection
	GlobalSection(ExtensibilityGlobals) = postSolution
		SolutionGuid = {503D35C1-3CFA-40B0-8212-8A5F919F9DCE}
	EndGlobalSection
EndGlobal
