
Microsoft Visual Studio Solution File, Format Version 12.00
# Visual Studio Version 17
VisualStudioVersion = 17.14.36811.4 d17.14
MinimumVisualStudioVersion = 10.0.40219.1
Project("{FAE04EC0-301F-11D3-BF4B-00C04F79EFBC}") = "CalculateVAT", "CalculateVAT.csproj", "{EB7B046B-C5DD-4FA6-B0DD-3604D94EABC5}"
EndProject
Global
	GlobalSection(SolutionConfigurationPlatforms) = preSolution
		Debug|Any CPU = Debug|Any CPU
		Release|Any CPU = Release|Any CPU
	EndGlobalSection
	GlobalSection(ProjectConfigurationPlatforms) = postSolution
		{EB7B046B-C5DD-4FA6-B0DD-3604D94EABC5}.Debug|Any CPU.ActiveCfg = Debug|Any CPU
		{EB7B046B-C5DD-4FA6-B0DD-3604D94EABC5}.Debug|Any CPU.Build.0 = Debug|Any CPU
		{EB7B046B-C5DD-4FA6-B0DD-3604D94EABC5}.Release|Any CPU.ActiveCfg = Release|Any CPU
		{EB7B046B-C5DD-4FA6-B0DD-3604D94EABC5}.Release|Any CPU.Build.0 = Release|Any CPU
	EndGlobalSection
	GlobalSection(SolutionProperties) = preSolution
		HideSolutionNode = FALSE
	EndGlobalSection
	GlobalSection(ExtensibilityGlobals) = postSolution
		SolutionGuid = {E0CB3123-9D1A-4E27-AEAB-8F57696C7465}
	EndGlobalSection
EndGlobal
