
Microsoft Visual Studio Solution File, Format Version 12.00
# Visual Studio Version 17
VisualStudioVersion = 17.14.36811.4 d17.14
MinimumVisualStudioVersion = 10.0.40219.1
Project("{FAE04EC0-301F-11D3-BF4B-00C04F79EFBC}") = "Replace1st_lastElementArray", "Replace1st_lastElementArray.csproj", "{FB9E41C2-B118-4901-B046-4BD8FE9C6C32}"
EndProject
Global
	GlobalSection(SolutionConfigurationPlatforms) = preSolution
		Debug|Any CPU = Debug|Any CPU
		Release|Any CPU = Release|Any CPU
	EndGlobalSection
	GlobalSection(ProjectConfigurationPlatforms) = postSolution
		{FB9E41C2-B118-4901-B046-4BD8FE9C6C32}.Debug|Any CPU.ActiveCfg = Debug|Any CPU
		{FB9E41C2-B118-4901-B046-4BD8FE9C6C32}.Debug|Any CPU.Build.0 = Debug|Any CPU
		{FB9E41C2-B118-4901-B046-4BD8FE9C6C32}.Release|Any CPU.ActiveCfg = Release|Any CPU
		{FB9E41C2-B118-4901-B046-4BD8FE9C6C32}.Release|Any CPU.Build.0 = Release|Any CPU
	EndGlobalSection
	GlobalSection(SolutionProperties) = preSolution
		HideSolutionNode = FALSE
	EndGlobalSection
	GlobalSection(ExtensibilityGlobals) = postSolution
		SolutionGuid = {A53BDC61-48AD-4B9C-97D5-DE95629CC73C}
	EndGlobalSection
EndGlobal
