
Microsoft Visual Studio Solution File, Format Version 12.00
# Visual Studio Version 17
VisualStudioVersion = 17.14.36811.4 d17.14
MinimumVisualStudioVersion = 10.0.40219.1
Project("{FAE04EC0-301F-11D3-BF4B-00C04F79EFBC}") = "SortAndInsertElement", "SortAndInsertElement.csproj", "{FFDDB45A-BFCF-4627-AF10-A1E0852EE42D}"
EndProject
Global
	GlobalSection(SolutionConfigurationPlatforms) = preSolution
		Debug|Any CPU = Debug|Any CPU
		Release|Any CPU = Release|Any CPU
	EndGlobalSection
	GlobalSection(ProjectConfigurationPlatforms) = postSolution
		{FFDDB45A-BFCF-4627-AF10-A1E0852EE42D}.Debug|Any CPU.ActiveCfg = Debug|Any CPU
		{FFDDB45A-BFCF-4627-AF10-A1E0852EE42D}.Debug|Any CPU.Build.0 = Debug|Any CPU
		{FFDDB45A-BFCF-4627-AF10-A1E0852EE42D}.Release|Any CPU.ActiveCfg = Release|Any CPU
		{FFDDB45A-BFCF-4627-AF10-A1E0852EE42D}.Release|Any CPU.Build.0 = Release|Any CPU
	EndGlobalSection
	GlobalSection(SolutionProperties) = preSolution
		HideSolutionNode = FALSE
	EndGlobalSection
	GlobalSection(ExtensibilityGlobals) = postSolution
		SolutionGuid = {C02D1D7C-5B39-4036-B142-3FC0E3A09DAC}
	EndGlobalSection
EndGlobal
