
Microsoft Visual Studio Solution File, Format Version 12.00
# Visual Studio Version 17
VisualStudioVersion = 17.14.36811.4 d17.14
MinimumVisualStudioVersion = 10.0.40219.1
Project("{FAE04EC0-301F-11D3-BF4B-00C04F79EFBC}") = "LibrarySystemApp", "LibrarySystemApp.csproj", "{A1CB1AEF-85EC-4048-A79C-09E5BE7E0B25}"
EndProject
Project("{FAE04EC0-301F-11D3-BF4B-00C04F79EFBC}") = "NunitLibraryTestProject", "..\NunitLibraryTestProject\NunitLibraryTestProject.csproj", "{884F834C-BBF6-4B71-A0A4-D5AFE79EAE35}"
EndProject
Global
	GlobalSection(SolutionConfigurationPlatforms) = preSolution
		Debug|Any CPU = Debug|Any CPU
		Release|Any CPU = Release|Any CPU
	EndGlobalSection
	GlobalSection(ProjectConfigurationPlatforms) = postSolution
		{A1CB1AEF-85EC-4048-A79C-09E5BE7E0B25}.Debug|Any CPU.ActiveCfg = Debug|Any CPU
		{A1CB1AEF-85EC-4048-A79C-09E5BE7E0B25}.Debug|Any CPU.Build.0 = Debug|Any CPU
		{A1CB1AEF-85EC-4048-A79C-09E5BE7E0B25}.Release|Any CPU.ActiveCfg = Release|Any CPU
		{A1CB1AEF-85EC-4048-A79C-09E5BE7E0B25}.Release|Any CPU.Build.0 = Release|Any CPU
		{884F834C-BBF6-4B71-A0A4-D5AFE79EAE35}.Debug|Any CPU.ActiveCfg = Debug|Any CPU
		{884F834C-BBF6-4B71-A0A4-D5AFE79EAE35}.Debug|Any CPU.Build.0 = Debug|Any CPU
		{884F834C-BBF6-4B71-A0A4-D5AFE79EAE35}.Release|Any CPU.ActiveCfg = Release|Any CPU
		{884F834C-BBF6-4B71-A0A4-D5AFE79EAE35}.Release|Any CPU.Build.0 = Release|Any CPU
	EndGlobalSection
	GlobalSection(SolutionProperties) = preSolution
		HideSolutionNode = FALSE
	EndGlobalSection
	GlobalSection(ExtensibilityGlobals) = postSolution
		SolutionGuid = {8BE56B4E-1021-449D-A3A7-D3E39E31DCF5}
	EndGlobalSection
EndGlobal
