
Microsoft Visual Studio Solution File, Format Version 12.00
# Visual Studio Version 17
VisualStudioVersion = 17.14.36811.4 d17.14
MinimumVisualStudioVersion = 10.0.40219.1
Project("{FAE04EC0-301F-11D3-BF4B-00C04F79EFBC}") = "Real Estate Listing Management", "Real Estate Listing Management.csproj", "{54BAED4B-2219-4E0C-92A5-A95910EF4B0F}"
EndProject
Global
	GlobalSection(SolutionConfigurationPlatforms) = preSolution
		Debug|Any CPU = Debug|Any CPU
		Release|Any CPU = Release|Any CPU
	EndGlobalSection
	GlobalSection(ProjectConfigurationPlatforms) = postSolution
		{54BAED4B-2219-4E0C-92A5-A95910EF4B0F}.Debug|Any CPU.ActiveCfg = Debug|Any CPU
		{54BAED4B-2219-4E0C-92A5-A95910EF4B0F}.Debug|Any CPU.Build.0 = Debug|Any CPU
		{54BAED4B-2219-4E0C-92A5-A95910EF4B0F}.Release|Any CPU.ActiveCfg = Release|Any CPU
		{54BAED4B-2219-4E0C-92A5-A95910EF4B0F}.Release|Any CPU.Build.0 = Release|Any CPU
	EndGlobalSection
	GlobalSection(SolutionProperties) = preSolution
		HideSolutionNode = FALSE
	EndGlobalSection
	GlobalSection(ExtensibilityGlobals) = postSolution
		SolutionGuid = {E89510AA-A92A-4800-83C5-0957C37EA2CB}
	EndGlobalSection
EndGlobal
