
Microsoft Visual Studio Solution File, Format Version 12.00
# Visual Studio Version 17
VisualStudioVersion = 17.14.36811.4 d17.14
MinimumVisualStudioVersion = 10.0.40219.1
Project("{FAE04EC0-301F-11D3-BF4B-00C04F79EFBC}") = "E-CommerceCategoryAnalytics", "E-CommerceCategoryAnalytics.csproj", "{D5C7BB30-7D08-43EE-87CE-DCB1A3CE3BAE}"
EndProject
Global
	GlobalSection(SolutionConfigurationPlatforms) = preSolution
		Debug|Any CPU = Debug|Any CPU
		Release|Any CPU = Release|Any CPU
	EndGlobalSection
	GlobalSection(ProjectConfigurationPlatforms) = postSolution
		{D5C7BB30-7D08-43EE-87CE-DCB1A3CE3BAE}.Debug|Any CPU.ActiveCfg = Debug|Any CPU
		{D5C7BB30-7D08-43EE-87CE-DCB1A3CE3BAE}.Debug|Any CPU.Build.0 = Debug|Any CPU
		{D5C7BB30-7D08-43EE-87CE-DCB1A3CE3BAE}.Release|Any CPU.ActiveCfg = Release|Any CPU
		{D5C7BB30-7D08-43EE-87CE-DCB1A3CE3BAE}.Release|Any CPU.Build.0 = Release|Any CPU
	EndGlobalSection
	GlobalSection(SolutionProperties) = preSolution
		HideSolutionNode = FALSE
	EndGlobalSection
	GlobalSection(ExtensibilityGlobals) = postSolution
		SolutionGuid = {7D07EBFD-6D80-4C59-8E2D-4C582FFD853C}
	EndGlobalSection
EndGlobal
